
Microsoft Visual Studio Solution File, Format Version 12.00
# Visual Studio Version 17
VisualStudioVersion = 17.8.34309.116
MinimumVisualStudioVersion = 10.0.40219.1
Project("{9A19103F-16F7-4668-BE54-9A1E7A4F7556}") = "CW_ALM.Client", "CW_ALM.Client\CW_ALM.Client.csproj", "{F9FB983A-2238-4FC1-B914-AE676AF8CCB6}"
EndProject
Project("{9A19103F-16F7-4668-BE54-9A1E7A4F7556}") = "CW_ALM.WebAPI", "CW_ALM.WebAPI\CW_ALM.WebAPI.csproj", "{A8F644AD-4372-4F54-A177-4D726C2B1D77}"
	ProjectSection(ProjectDependencies) = postProject
		{6C3B0B12-D021-473E-9E51-4754FC7502D8} = {6C3B0B12-D021-473E-9E51-4754FC7502D8}
		{FA051E56-0BD1-43E5-9A5F-CF127F13477F} = {FA051E56-0BD1-43E5-9A5F-CF127F13477F}
	EndProjectSection
EndProject
Project("{9A19103F-16F7-4668-BE54-9A1E7A4F7556}") = "CW_ALM.Domain", "CW_ALM.Domain\CW_ALM.Domain.csproj", "{6C3B0B12-D021-473E-9E51-4754FC7502D8}"
EndProject
Project("{9A19103F-16F7-4668-BE54-9A1E7A4F7556}") = "CW_ALM.Resources", "CW_ALM.Resources\CW_ALM.Resources.csproj", "{FA051E56-0BD1-43E5-9A5F-CF127F13477F}"
EndProject
Project("{9A19103F-16F7-4668-BE54-9A1E7A4F7556}") = "CW_ALM.Infra", "CW_ALM.Infra\CW_ALM.Infra.csproj", "{E3A9CB52-9D79-49D5-BE8C-3A7E495F475F}"
	ProjectSection(ProjectDependencies) = postProject
		{6C3B0B12-D021-473E-9E51-4754FC7502D8} = {6C3B0B12-D021-473E-9E51-4754FC7502D8}
		{FA051E56-0BD1-43E5-9A5F-CF127F13477F} = {FA051E56-0BD1-43E5-9A5F-CF127F13477F}
	EndProjectSection
EndProject
Project("{2150E333-8FDC-42A3-9474-1A3956D46DE8}") = "API", "API", "{17EF3CAB-42D3-4C1B-912A-C37E37427D83}"
EndProject
Project("{2150E333-8FDC-42A3-9474-1A3956D46DE8}") = "Client", "Client", "{F268F352-7F4F-439E-88C9-B4735895DFD2}"
EndProject
Project("{2150E333-8FDC-42A3-9474-1A3956D46DE8}") = "Shared", "Shared", "{43589BED-B9B1-43AC-A8E5-64CC7C74E30C}"
EndProject
Project("{9A19103F-16F7-4668-BE54-9A1E7A4F7556}") = "CW_ALM.Fluent", "CW_ALM.Fluent\CW_ALM.Fluent.csproj", "{B4E5689F-89BB-4BB3-90CF-1C254C969D7D}"
EndProject
Project("{9A19103F-16F7-4668-BE54-9A1E7A4F7556}") = "ProjetoAuxiliar", "ProjetoAuxiliar\ProjetoAuxiliar.csproj", "{1C64FB11-0416-4C63-86E8-5846DC4D5C4B}"
EndProject
Global
	GlobalSection(SolutionConfigurationPlatforms) = preSolution
		Debug|Any CPU = Debug|Any CPU
		Release|Any CPU = Release|Any CPU
	EndGlobalSection
	GlobalSection(ProjectConfigurationPlatforms) = postSolution
		{F9FB983A-2238-4FC1-B914-AE676AF8CCB6}.Debug|Any CPU.ActiveCfg = Debug|Any CPU
		{F9FB983A-2238-4FC1-B914-AE676AF8CCB6}.Debug|Any CPU.Build.0 = Debug|Any CPU
		{F9FB983A-2238-4FC1-B914-AE676AF8CCB6}.Release|Any CPU.ActiveCfg = Release|Any CPU
		{F9FB983A-2238-4FC1-B914-AE676AF8CCB6}.Release|Any CPU.Build.0 = Release|Any CPU
		{A8F644AD-4372-4F54-A177-4D726C2B1D77}.Debug|Any CPU.ActiveCfg = Debug|Any CPU
		{A8F644AD-4372-4F54-A177-4D726C2B1D77}.Debug|Any CPU.Build.0 = Debug|Any CPU
		{A8F644AD-4372-4F54-A177-4D726C2B1D77}.Release|Any CPU.ActiveCfg = Release|Any CPU
		{A8F644AD-4372-4F54-A177-4D726C2B1D77}.Release|Any CPU.Build.0 = Release|Any CPU
		{6C3B0B12-D021-473E-9E51-4754FC7502D8}.Debug|Any CPU.ActiveCfg = Debug|Any CPU
		{6C3B0B12-D021-473E-9E51-4754FC7502D8}.Debug|Any CPU.Build.0 = Debug|Any CPU
		{6C3B0B12-D021-473E-9E51-4754FC7502D8}.Release|Any CPU.ActiveCfg = Release|Any CPU
		{6C3B0B12-D021-473E-9E51-4754FC7502D8}.Release|Any CPU.Build.0 = Release|Any CPU
		{FA051E56-0BD1-43E5-9A5F-CF127F13477F}.Debug|Any CPU.ActiveCfg = Debug|Any CPU
		{FA051E56-0BD1-43E5-9A5F-CF127F13477F}.Debug|Any CPU.Build.0 = Debug|Any CPU
		{FA051E56-0BD1-43E5-9A5F-CF127F13477F}.Release|Any CPU.ActiveCfg = Release|Any CPU
		{FA051E56-0BD1-43E5-9A5F-CF127F13477F}.Release|Any CPU.Build.0 = Release|Any CPU
		{E3A9CB52-9D79-49D5-BE8C-3A7E495F475F}.Debug|Any CPU.ActiveCfg = Debug|Any CPU
		{E3A9CB52-9D79-49D5-BE8C-3A7E495F475F}.Debug|Any CPU.Build.0 = Debug|Any CPU
		{E3A9CB52-9D79-49D5-BE8C-3A7E495F475F}.Release|Any CPU.ActiveCfg = Release|Any CPU
		{E3A9CB52-9D79-49D5-BE8C-3A7E495F475F}.Release|Any CPU.Build.0 = Release|Any CPU
		{B4E5689F-89BB-4BB3-90CF-1C254C969D7D}.Debug|Any CPU.ActiveCfg = Debug|Any CPU
		{B4E5689F-89BB-4BB3-90CF-1C254C969D7D}.Debug|Any CPU.Build.0 = Debug|Any CPU
		{B4E5689F-89BB-4BB3-90CF-1C254C969D7D}.Release|Any CPU.ActiveCfg = Release|Any CPU
		{B4E5689F-89BB-4BB3-90CF-1C254C969D7D}.Release|Any CPU.Build.0 = Release|Any CPU
		{1C64FB11-0416-4C63-86E8-5846DC4D5C4B}.Debug|Any CPU.ActiveCfg = Debug|Any CPU
		{1C64FB11-0416-4C63-86E8-5846DC4D5C4B}.Debug|Any CPU.Build.0 = Debug|Any CPU
		{1C64FB11-0416-4C63-86E8-5846DC4D5C4B}.Release|Any CPU.ActiveCfg = Release|Any CPU
		{1C64FB11-0416-4C63-86E8-5846DC4D5C4B}.Release|Any CPU.Build.0 = Release|Any CPU
	EndGlobalSection
	GlobalSection(SolutionProperties) = preSolution
		HideSolutionNode = FALSE
	EndGlobalSection
	GlobalSection(NestedProjects) = preSolution
		{F9FB983A-2238-4FC1-B914-AE676AF8CCB6} = {F268F352-7F4F-439E-88C9-B4735895DFD2}
		{A8F644AD-4372-4F54-A177-4D726C2B1D77} = {17EF3CAB-42D3-4C1B-912A-C37E37427D83}
		{6C3B0B12-D021-473E-9E51-4754FC7502D8} = {43589BED-B9B1-43AC-A8E5-64CC7C74E30C}
		{FA051E56-0BD1-43E5-9A5F-CF127F13477F} = {43589BED-B9B1-43AC-A8E5-64CC7C74E30C}
		{E3A9CB52-9D79-49D5-BE8C-3A7E495F475F} = {43589BED-B9B1-43AC-A8E5-64CC7C74E30C}
		{B4E5689F-89BB-4BB3-90CF-1C254C969D7D} = {F268F352-7F4F-439E-88C9-B4735895DFD2}
	EndGlobalSection
	GlobalSection(ExtensibilityGlobals) = postSolution
		SolutionGuid = {4059D298-B6C2-4D00-B609-AFD76448B2CC}
	EndGlobalSection
EndGlobal
